
Microsoft Visual Studio Solution File, Format Version 12.00
# Visual Studio Version 17
VisualStudioVersion = 17.4.33213.308
MinimumVisualStudioVersion = 10.0.40219.1
Project("{9A19103F-16F7-4668-BE54-9A1E7A4F7556}") = "InstaDomain", "InstaDomain\InstaDomain.csproj", "{9D3D704E-E922-4D09-B3F6-7657DB342470}"
EndProject
Project("{9A19103F-16F7-4668-BE54-9A1E7A4F7556}") = "InstaPersistence", "InstaPersistence\InstaPersistence.csproj", "{E88EC453-3B99-4011-A0F8-81A12433D8A9}"
EndProject
Project("{9A19103F-16F7-4668-BE54-9A1E7A4F7556}") = "SeleniumUtils", "SeleniumUtils\SeleniumUtils.csproj", "{74D4AFA0-A703-4F21-B30E-D6E9AE07B5BC}"
EndProject
Project("{9A19103F-16F7-4668-BE54-9A1E7A4F7556}") = "InstaCrawlerApp", "InstaCrawlerApp\InstaCrawlerApp.csproj", "{2E9A30BF-A497-4CC0-8FD9-7C8A0B743DBF}"
EndProject
Project("{9A19103F-16F7-4668-BE54-9A1E7A4F7556}") = "InstaCrawlerServiceWindows", "InstaCrawlerServiceWindows\InstaCrawlerServiceWindows.csproj", "{CB7B4899-A1C7-4FBB-B390-BD4CC95208A9}"
EndProject
Project("{FAE04EC0-301F-11D3-BF4B-00C04F79EFBC}") = "InstaInfrastructureAbstractions", "InstaInfrastructureAbstractions\InstaInfrastructureAbstractions.csproj", "{5C62833C-DA4F-478B-981E-9FFE8274F799}"
EndProject
Global
	GlobalSection(SolutionConfigurationPlatforms) = preSolution
		Debug|Any CPU = Debug|Any CPU
		Release|Any CPU = Release|Any CPU
	EndGlobalSection
	GlobalSection(ProjectConfigurationPlatforms) = postSolution
		{9D3D704E-E922-4D09-B3F6-7657DB342470}.Debug|Any CPU.ActiveCfg = Debug|Any CPU
		{9D3D704E-E922-4D09-B3F6-7657DB342470}.Debug|Any CPU.Build.0 = Debug|Any CPU
		{9D3D704E-E922-4D09-B3F6-7657DB342470}.Release|Any CPU.ActiveCfg = Release|Any CPU
		{9D3D704E-E922-4D09-B3F6-7657DB342470}.Release|Any CPU.Build.0 = Release|Any CPU
		{E88EC453-3B99-4011-A0F8-81A12433D8A9}.Debug|Any CPU.ActiveCfg = Debug|Any CPU
		{E88EC453-3B99-4011-A0F8-81A12433D8A9}.Debug|Any CPU.Build.0 = Debug|Any CPU
		{E88EC453-3B99-4011-A0F8-81A12433D8A9}.Release|Any CPU.ActiveCfg = Release|Any CPU
		{E88EC453-3B99-4011-A0F8-81A12433D8A9}.Release|Any CPU.Build.0 = Release|Any CPU
		{74D4AFA0-A703-4F21-B30E-D6E9AE07B5BC}.Debug|Any CPU.ActiveCfg = Debug|Any CPU
		{74D4AFA0-A703-4F21-B30E-D6E9AE07B5BC}.Debug|Any CPU.Build.0 = Debug|Any CPU
		{74D4AFA0-A703-4F21-B30E-D6E9AE07B5BC}.Release|Any CPU.ActiveCfg = Release|Any CPU
		{74D4AFA0-A703-4F21-B30E-D6E9AE07B5BC}.Release|Any CPU.Build.0 = Release|Any CPU
		{2E9A30BF-A497-4CC0-8FD9-7C8A0B743DBF}.Debug|Any CPU.ActiveCfg = Debug|Any CPU
		{2E9A30BF-A497-4CC0-8FD9-7C8A0B743DBF}.Debug|Any CPU.Build.0 = Debug|Any CPU
		{2E9A30BF-A497-4CC0-8FD9-7C8A0B743DBF}.Release|Any CPU.ActiveCfg = Release|Any CPU
		{2E9A30BF-A497-4CC0-8FD9-7C8A0B743DBF}.Release|Any CPU.Build.0 = Release|Any CPU
		{CB7B4899-A1C7-4FBB-B390-BD4CC95208A9}.Debug|Any CPU.ActiveCfg = Debug|Any CPU
		{CB7B4899-A1C7-4FBB-B390-BD4CC95208A9}.Debug|Any CPU.Build.0 = Debug|Any CPU
		{CB7B4899-A1C7-4FBB-B390-BD4CC95208A9}.Release|Any CPU.ActiveCfg = Release|Any CPU
		{CB7B4899-A1C7-4FBB-B390-BD4CC95208A9}.Release|Any CPU.Build.0 = Release|Any CPU
		{5C62833C-DA4F-478B-981E-9FFE8274F799}.Debug|Any CPU.ActiveCfg = Debug|Any CPU
		{5C62833C-DA4F-478B-981E-9FFE8274F799}.Debug|Any CPU.Build.0 = Debug|Any CPU
		{5C62833C-DA4F-478B-981E-9FFE8274F799}.Release|Any CPU.ActiveCfg = Release|Any CPU
		{5C62833C-DA4F-478B-981E-9FFE8274F799}.Release|Any CPU.Build.0 = Release|Any CPU
	EndGlobalSection
	GlobalSection(SolutionProperties) = preSolution
		HideSolutionNode = FALSE
	EndGlobalSection
	GlobalSection(ExtensibilityGlobals) = postSolution
		SolutionGuid = {617F9473-3FED-4AD7-8E24-1BAB7A70E2FD}
	EndGlobalSection
EndGlobal
